# This file is automatically @generated by Poetry 2.1.2 and should not be changed by hand.

[[package]]
name = "crc"
version = "1.1.3"
description = "Library and CLI to calculate and verify all kinds of CRC checksums."
optional = false
python-versions = ">=3.7"
groups = ["main"]
files = [
    {file = "crc-1.1.3.tar.gz", hash = "sha256:cdec3def5ace0f48e7270b3db4772fc2021c845ff9e10474dee0adb9a3b91393"},
]

[[package]]
name = "python-redis"
version = "0.4.0"
description = "Redis Client"
optional = false
python-versions = "*"
groups = ["main"]
files = [
    {file = "python_redis-0.4.0.tar.gz", hash = "sha256:ee7106fcc2ca01438ebe1f8c9eade0b470cdc008f7a6646b3502e31d3eec0752"},
]

[package.dependencies]
crc = "*"

[metadata]
lock-version = "2.1"
python-versions = ">=3.13"
content-hash = "782bfebe89d8fc464e83143b28493aad91c423cdd0970e0d6d8b277790daa73a"
